
Microsoft Visual Studio Solution File, Format Version 12.00
# Visual Studio 14
VisualStudioVersion = 14.0.25420.1
MinimumVisualStudioVersion = 10.0.40219.1
Project("{159641D6-6404-4A2A-AE62-294DE0FE8301}") = "Szpital", "Szpital\Szpital.dtproj", "{79E3C5D0-8388-4AB6-B008-4BF25559218B}"
EndProject
Project("{D2ABAB84-BF74-430A-B69E-9DC6D40DDA17}") = "Szpital - olap", "Szpital - olap\Szpital - olap.dwproj", "{E8ED4498-84A7-4652-8922-17132AC785A5}"
EndProject
Global
	GlobalSection(SolutionConfigurationPlatforms) = preSolution
		Development|Default = Development|Default
	EndGlobalSection
	GlobalSection(ProjectConfigurationPlatforms) = postSolution
		{79E3C5D0-8388-4AB6-B008-4BF25559218B}.Development|Default.ActiveCfg = Development
		{79E3C5D0-8388-4AB6-B008-4BF25559218B}.Development|Default.Build.0 = Development
		{E8ED4498-84A7-4652-8922-17132AC785A5}.Development|Default.ActiveCfg = Development
		{E8ED4498-84A7-4652-8922-17132AC785A5}.Development|Default.Build.0 = Development
		{E8ED4498-84A7-4652-8922-17132AC785A5}.Development|Default.Deploy.0 = Development
	EndGlobalSection
	GlobalSection(SolutionProperties) = preSolution
		HideSolutionNode = FALSE
	EndGlobalSection
EndGlobal
